
Microsoft Visual Studio Solution File, Format Version 12.00
# Visual Studio 15
Project("{FAE04EC0-301F-11D3-BF4B-00C04F79EFBC}") = "URPGlitch", "URPGlitch.csproj", "{7EDCE13F-27FA-6239-4AAD-28141C638B9C}"
EndProject
Project("{FAE04EC0-301F-11D3-BF4B-00C04F79EFBC}") = "Ink-Libraries", "Ink-Libraries.csproj", "{61779ADC-93D2-41C0-FCD3-310B2F954755}"
EndProject
Project("{FAE04EC0-301F-11D3-BF4B-00C04F79EFBC}") = "Assembly-CSharp", "Assembly-CSharp.csproj", "{59ADF872-5594-D76F-17BC-188DCE9FF06A}"
EndProject
Project("{FAE04EC0-301F-11D3-BF4B-00C04F79EFBC}") = "InkEditor", "InkEditor.csproj", "{B1869FA4-55A5-FFAB-4625-A9679D9DD674}"
EndProject
Project("{FAE04EC0-301F-11D3-BF4B-00C04F79EFBC}") = "Assembly-CSharp-Editor", "Assembly-CSharp-Editor.csproj", "{00F2C8EB-DBDC-1A27-572F-A38B3C3196E2}"
EndProject
Global
	GlobalSection(SolutionConfigurationPlatforms) = preSolution
		Debug|Any CPU = Debug|Any CPU
		Release|Any CPU = Release|Any CPU
	EndGlobalSection
	GlobalSection(ProjectConfigurationPlatforms) = postSolution
		{7EDCE13F-27FA-6239-4AAD-28141C638B9C}.Debug|Any CPU.ActiveCfg = Debug|Any CPU
		{7EDCE13F-27FA-6239-4AAD-28141C638B9C}.Debug|Any CPU.Build.0 = Debug|Any CPU
		{7EDCE13F-27FA-6239-4AAD-28141C638B9C}.Release|Any CPU.ActiveCfg = Release|Any CPU
		{7EDCE13F-27FA-6239-4AAD-28141C638B9C}.Release|Any CPU.Build.0 = Release|Any CPU
		{61779ADC-93D2-41C0-FCD3-310B2F954755}.Debug|Any CPU.ActiveCfg = Debug|Any CPU
		{61779ADC-93D2-41C0-FCD3-310B2F954755}.Debug|Any CPU.Build.0 = Debug|Any CPU
		{61779ADC-93D2-41C0-FCD3-310B2F954755}.Release|Any CPU.ActiveCfg = Release|Any CPU
		{61779ADC-93D2-41C0-FCD3-310B2F954755}.Release|Any CPU.Build.0 = Release|Any CPU
		{59ADF872-5594-D76F-17BC-188DCE9FF06A}.Debug|Any CPU.ActiveCfg = Debug|Any CPU
		{59ADF872-5594-D76F-17BC-188DCE9FF06A}.Debug|Any CPU.Build.0 = Debug|Any CPU
		{59ADF872-5594-D76F-17BC-188DCE9FF06A}.Release|Any CPU.ActiveCfg = Release|Any CPU
		{59ADF872-5594-D76F-17BC-188DCE9FF06A}.Release|Any CPU.Build.0 = Release|Any CPU
		{B1869FA4-55A5-FFAB-4625-A9679D9DD674}.Debug|Any CPU.ActiveCfg = Debug|Any CPU
		{B1869FA4-55A5-FFAB-4625-A9679D9DD674}.Debug|Any CPU.Build.0 = Debug|Any CPU
		{B1869FA4-55A5-FFAB-4625-A9679D9DD674}.Release|Any CPU.ActiveCfg = Release|Any CPU
		{B1869FA4-55A5-FFAB-4625-A9679D9DD674}.Release|Any CPU.Build.0 = Release|Any CPU
		{00F2C8EB-DBDC-1A27-572F-A38B3C3196E2}.Debug|Any CPU.ActiveCfg = Debug|Any CPU
		{00F2C8EB-DBDC-1A27-572F-A38B3C3196E2}.Debug|Any CPU.Build.0 = Debug|Any CPU
		{00F2C8EB-DBDC-1A27-572F-A38B3C3196E2}.Release|Any CPU.ActiveCfg = Release|Any CPU
		{00F2C8EB-DBDC-1A27-572F-A38B3C3196E2}.Release|Any CPU.Build.0 = Release|Any CPU
	EndGlobalSection
	GlobalSection(SolutionProperties) = preSolution
		HideSolutionNode = FALSE
	EndGlobalSection
EndGlobal
